
Microsoft Visual Studio Solution File, Format Version 12.00
# Visual Studio 15
VisualStudioVersion = 15.0.28307.572
MinimumVisualStudioVersion = 10.0.40219.1
Project("{9A19103F-16F7-4668-BE54-9A1E7A4F7556}") = "tht", "tht.csproj", "{405193E2-9B03-4F28-A082-F872674880D4}"
EndProject
Project("{FAE04EC0-301F-11D3-BF4B-00C04F79EFBC}") = "tht.tests", "..\tht.tests\tht.tests.csproj", "{4249DD30-CA39-4525-9179-791079B1E063}"
EndProject
Global
	GlobalSection(SolutionConfigurationPlatforms) = preSolution
		Debug|Any CPU = Debug|Any CPU
		Release|Any CPU = Release|Any CPU
	EndGlobalSection
	GlobalSection(ProjectConfigurationPlatforms) = postSolution
		{405193E2-9B03-4F28-A082-F872674880D4}.Debug|Any CPU.ActiveCfg = Debug|Any CPU
		{405193E2-9B03-4F28-A082-F872674880D4}.Debug|Any CPU.Build.0 = Debug|Any CPU
		{405193E2-9B03-4F28-A082-F872674880D4}.Release|Any CPU.ActiveCfg = Release|Any CPU
		{405193E2-9B03-4F28-A082-F872674880D4}.Release|Any CPU.Build.0 = Release|Any CPU
		{4249DD30-CA39-4525-9179-791079B1E063}.Debug|Any CPU.ActiveCfg = Debug|Any CPU
		{4249DD30-CA39-4525-9179-791079B1E063}.Debug|Any CPU.Build.0 = Debug|Any CPU
		{4249DD30-CA39-4525-9179-791079B1E063}.Release|Any CPU.ActiveCfg = Release|Any CPU
		{4249DD30-CA39-4525-9179-791079B1E063}.Release|Any CPU.Build.0 = Release|Any CPU
	EndGlobalSection
	GlobalSection(SolutionProperties) = preSolution
		HideSolutionNode = FALSE
	EndGlobalSection
	GlobalSection(ExtensibilityGlobals) = postSolution
		SolutionGuid = {52155ECA-0B82-4518-8E03-D2D0C5AF80F8}
	EndGlobalSection
EndGlobal
